<Solution>
  <Project Path="LeanLocalization.csproj" />
  <Project Path="Assembly-CSharp.csproj" />
  <Project Path="LeanCommon.csproj" />
  <Project Path="BroAudio.csproj" />
  <Project Path="BroAudioEditor.csproj" />
  <Project Path="LineworkLite.csproj" />
  <Project Path="Unity.RenderPipelines.Core.Samples.Runtime.csproj" />
  <Project Path="LeanLocalization.TMP.csproj" />
  <Project Path="CW.Common.csproj" />
  <Project Path="Assembly-CSharp-firstpass.csproj" />
  <Project Path="LineworkLite.Editor.csproj" />
  <Project Path="Unity.RenderPipelines.Core.Samples.Editor.csproj" />
  <Project Path="LeanLocalizationEditor.csproj" />
  <Project Path="Assembly-CSharp-Editor.csproj" />
</Solution>
